PODS:
  - podOnevlin (1.4.0):
    - podOnevlin/Alert (= 1.4.0)
    - podOnevlin/Place (= 1.4.0)
    - podOnevlin/Replace (= 1.4.0)
  - podOnevlin/Alert (1.4.0)
  - podOnevlin/Place (1.4.0):
    - podOnevlin/Place/Cool (= 1.4.0)
  - podOnevlin/Place/Cool (1.4.0)
  - podOnevlin/Replace (1.4.0):
    - podOnevlin/Replace/Inreplace (= 1.4.0)
  - podOnevlin/Replace/Inreplace (1.4.0)

DEPENDENCIES:
  - podOnevlin (from `~/Desktop/learnPod/podOnevlin/podOnevlin.podspec`)

EXTERNAL SOURCES:
  podOnevlin:
    :path: ~/Desktop/learnPod/podOnevlin/podOnevlin.podspec

SPEC CHECKSUMS:
  podOnevlin: 6ee4249b8d8223ccde5116264af6cdfaae293ee6

PODFILE CHECKSUM: f7dbe5f2e4677819bbdb426e2b74af44bd83a32a

COCOAPODS: 1.3.1
